// !$*UTF8*$!
{
	archiveVersion = 1;
	classes = {
	};
	objectVersion = 46;
	objects = {

/* Begin PBXBuildFile section */
		B0E115E1158F9DC700E63D79 /* Cocoa.framework in Frameworks */ = {isa = PBXBuildFile; fileRef = B0E115E0158F9DC700E63D79 /* Cocoa.framework */; };
		B0E115EB158F9DC700E63D79 /* InfoPlist.strings in Resources */ = {isa = PBXBuildFile; fileRef = B0E115E9158F9DC700E63D79 /* InfoPlist.strings */; };
		B0E115ED158F9DC700E63D79 /* main.m in Sources */ = {isa = PBXBuildFile; fileRef = B0E115EC158F9DC700E63D79 /* main.m */; };
		B0E115F1158F9DC700E63D79 /* Credits.rtf in Resources */ = {isa = PBXBuildFile; fileRef = B0E115EF158F9DC700E63D79 /* Credits.rtf */; };
		B0E115F4158F9DC700E63D79 /* DUCLAppDelegate.m in Sources */ = {isa = PBXBuildFile; fileRef = B0E115F3158F9DC700E63D79 /* DUCLAppDelegate.m */; };
		B0E115F7158F9DC800E63D79 /* MainMenu.xib in Resources */ = {isa = PBXBuildFile; fileRef = B0E115F5158F9DC800E63D79 /* MainMenu.xib */; };
/* End PBXBuildFile section */

/* Begin PBXFileReference section */
		B0E115DC158F9DC700E63D79 /* DungeonCrawler.app */ = {isa = PBXFileReference; explicitFileType = wrapper.application; includeInIndex = 0; path = DungeonCrawler.app; sourceTree = BUILT_PRODUCTS_DIR; };
		B0E115E0158F9DC700E63D79 /* Cocoa.framework */ = {isa = PBXFileReference; lastKnownFileType = wrapper.framework; name = Cocoa.framework; path = System/Library/Frameworks/Cocoa.framework; sourceTree = SDKROOT; };
		B0E115E3158F9DC700E63D79 /* AppKit.framework */ = {isa = PBXFileReference; lastKnownFileType = wrapper.framework; name = AppKit.framework; path = System/Library/Frameworks/AppKit.framework; sourceTree = SDKROOT; };
		B0E115E4158F9DC700E63D79 /* CoreData.framework */ = {isa = PBXFileReference; lastKnownFileType = wrapper.framework; name = CoreData.framework; path = System/Library/Frameworks/CoreData.framework; sourceTree = SDKROOT; };
		B0E115E5158F9DC700E63D79 /* Foundation.framework */ = {isa = PBXFileReference; lastKnownFileType = wrapper.framework; name = Foundation.framework; path = System/Library/Frameworks/Foundation.framework; sourceTree = SDKROOT; };
		B0E115E8158F9DC700E63D79 /* DungeonCrawler-Info.plist */ = {isa = PBXFileReference; path = "DungeonCrawler-Info.plist"; sourceTree = "<group>"; };
		B0E115EA158F9DC700E63D79 /* en */ = {isa = PBXFileReference; lastKnownFileType = text.plist.strings; name = en; path = en.lproj/InfoPlist.strings; sourceTree = "<group>"; };
		B0E115EC158F9DC700E63D79 /* main.m */ = {isa = PBXFileReference; lastKnownFileType = sourcecode.c.objc; path = main.m; sourceTree = "<group>"; };
		B0E115EE158F9DC700E63D79 /* DungeonCrawler-Prefix.pch */ = {isa = PBXFileReference; path = "DungeonCrawler-Prefix.pch"; sourceTree = "<group>"; };
		B0E115F0158F9DC700E63D79 /* en */ = {isa = PBXFileReference; lastKnownFileType = text.rtf; name = en; path = en.lproj/Credits.rtf; sourceTree = "<group>"; };
		B0E115F2158F9DC700E63D79 /* DUCLAppDelegate.h */ = {isa = PBXFileReference; path = DUCLAppDelegate.h; sourceTree = "<group>"; };
		B0E115F3158F9DC700E63D79 /* DUCLAppDelegate.m */ = {isa = PBXFileReference; lastKnownFileType = sourcecode.c.objc; path = DUCLAppDelegate.m; sourceTree = "<group>"; };
		B0E115F6158F9DC800E63D79 /* en */ = {isa = PBXFileReference; lastKnownFileType = file.xib; name = en; path = en.lproj/MainMenu.xib; sourceTree = "<group>"; };
/* End PBXFileReference section */

/* Begin PBXFrameworksBuildPhase section */
		B0E115D9158F9DC700E63D79 /* Frameworks */ = {
			isa = PBXFrameworksBuildPhase;
			buildActionMask = 2147483647;
			files = (
				B0E115E1158F9DC700E63D79 /* Cocoa.framework in Frameworks */,
			);
			runOnlyForDeploymentPostprocessing = 0;
		};
/* End PBXFrameworksBuildPhase section */

/* Begin PBXGroup section */
		B0E115D1158F9DC700E63D79 = {
			isa = PBXGroup;
			children = (
				B0E115E6158F9DC700E63D79 /* DungeonCrawler */,
				B0E115DF158F9DC700E63D79 /* Frameworks */,
				B0E115DD158F9DC700E63D79 /* Products */,
			);
			sourceTree = "<group>";
		};
		B0E115DD158F9DC700E63D79 /* Products */ = {
			isa = PBXGroup;
			children = (
				B0E115DC158F9DC700E63D79 /* DungeonCrawler.app */,
			);
			name = Products;
			sourceTree = "<group>";
		};
		B0E115DF158F9DC700E63D79 /* Frameworks */ = {
			isa = PBXGroup;
			children = (
				B0E115E0158F9DC700E63D79 /* Cocoa.framework */,
				B0E115E2158F9DC700E63D79 /* Other Frameworks */,
			);
			name = Frameworks;
			sourceTree = "<group>";
		};
		B0E115E2158F9DC700E63D79 /* Other Frameworks */ = {
			isa = PBXGroup;
			children = (
				B0E115E3158F9DC700E63D79 /* AppKit.framework */,
				B0E115E4158F9DC700E63D79 /* CoreData.framework */,
				B0E115E5158F9DC700E63D79 /* Foundation.framework */,
			);
			name = "Other Frameworks";
			sourceTree = "<group>";
		};
		B0E115E6158F9DC700E63D79 /* DungeonCrawler */ = {
			isa = PBXGroup;
			children = (
				B0E115F2158F9DC700E63D79 /* DUCLAppDelegate.h */,
				B0E115F3158F9DC700E63D79 /* DUCLAppDelegate.m */,
				B0E115F5158F9DC800E63D79 /* MainMenu.xib */,
				B0E115E7158F9DC700E63D79 /* Supporting Files */,
			);
			path = DungeonCrawler;
			sourceTree = "<group>";
		};
		B0E115E7158F9DC700E63D79 /* Supporting Files */ = {
			isa = PBXGroup;
			children = (
				B0E115E8158F9DC700E63D79 /* DungeonCrawler-Info.plist */,
				B0E115E9158F9DC700E63D79 /* InfoPlist.strings */,
				B0E115EC158F9DC700E63D79 /* main.m */,
				B0E115EE158F9DC700E63D79 /* DungeonCrawler-Prefix.pch */,
				B0E115EF158F9DC700E63D79 /* Credits.rtf */,
			);
			name = "Supporting Files";
			sourceTree = "<group>";
		};
/* End PBXGroup section */

/* Begin PBXNativeTarget section */
		B0E115DB158F9DC700E63D79 /* DungeonCrawler */ = {
			isa = PBXNativeTarget;
			buildConfigurationList = B0E115FA158F9DC800E63D79 /* Build configuration list for PBXNativeTarget "DungeonCrawler" */;
			buildPhases = (
				B0E115D8158F9DC700E63D79 /* Sources */,
				B0E115D9158F9DC700E63D79 /* Frameworks */,
				B0E115DA158F9DC700E63D79 /* Resources */,
			);
			buildRules = (
			);
			dependencies = (
			);
			name = DungeonCrawler;
			productName = DungeonCrawler;
			productReference = B0E115DC158F9DC700E63D79 /* DungeonCrawler.app */;
			productType = "com.apple.product-type.application";
		};
/* End PBXNativeTarget section */

/* Begin PBXProject section */
		B0E115D3158F9DC700E63D79 /* Project object */ = {
			isa = PBXProject;
			attributes = {
				CLASSPREFIX = DUCL;
				LastUpgradeCheck = 0450;
				ORGANIZATIONNAME = "High Caffeine Content";
			};
			buildConfigurationList = B0E115D6158F9DC700E63D79 /* Build configuration list for PBXProject "DungeonCrawler" */;
			compatibilityVersion = "Xcode 3.2";
			developmentRegion = English;
			hasScannedForEncodings = 0;
			knownRegions = (
				en,
			);
			mainGroup = B0E115D1158F9DC700E63D79;
			productRefGroup = B0E115DD158F9DC700E63D79 /* Products */;
			projectDirPath = "";
			projectRoot = "";
			targets = (
				B0E115DB158F9DC700E63D79 /* DungeonCrawler */,
			);
		};
/* End PBXProject section */

/* Begin PBXResourcesBuildPhase section */
		B0E115DA158F9DC700E63D79 /* Resources */ = {
			isa = PBXResourcesBuildPhase;
			buildActionMask = 2147483647;
			files = (
				B0E115EB158F9DC700E63D79 /* InfoPlist.strings in Resources */,
				B0E115F1158F9DC700E63D79 /* Credits.rtf in Resources */,
				B0E115F7158F9DC800E63D79 /* MainMenu.xib in Resources */,
			);
			runOnlyForDeploymentPostprocessing = 0;
		};
/* End PBXResourcesBuildPhase section */

/* Begin PBXSourcesBuildPhase section */
		B0E115D8158F9DC700E63D79 /* Sources */ = {
			isa = PBXSourcesBuildPhase;
			buildActionMask = 2147483647;
			files = (
				B0E115ED158F9DC700E63D79 /* main.m in Sources */,
				B0E115F4158F9DC700E63D79 /* DUCLAppDelegate.m in Sources */,
			);
			runOnlyForDeploymentPostprocessing = 0;
		};
/* End PBXSourcesBuildPhase section */

/* Begin PBXVariantGroup section */
		B0E115E9158F9DC700E63D79 /* InfoPlist.strings */ = {
			isa = PBXVariantGroup;
			children = (
				B0E115EA158F9DC700E63D79 /* en */,
			);
			name = InfoPlist.strings;
			sourceTree = "<group>";
		};
		B0E115EF158F9DC700E63D79 /* Credits.rtf */ = {
			isa = PBXVariantGroup;
			children = (
				B0E115F0158F9DC700E63D79 /* en */,
			);
			name = Credits.rtf;
			sourceTree = "<group>";
		};
		B0E115F5158F9DC800E63D79 /* MainMenu.xib */ = {
			isa = PBXVariantGroup;
			children = (
				B0E115F6158F9DC800E63D79 /* en */,
			);
			name = MainMenu.xib;
			sourceTree = "<group>";
		};
/* End PBXVariantGroup section */

/* Begin XCBuildConfiguration section */
		B0E115F8158F9DC800E63D79 /* Debug */ = {
			isa = XCBuildConfiguration;
			buildSettings = {
				ALWAYS_SEARCH_USER_PATHS = NO;
				ARCHS = "$(ARCHS_STANDARD_64_BIT)";
				CLANG_CXX_LANGUAGE_STANDARD = "gnu++0x";
				CLANG_ENABLE_OBJC_ARC = YES;
				CLANG_WARN__DUPLICATE_METHOD_MATCH = YES;
				COMBINE_HIDPI_IMAGES = YES;
				COPY_PHASE_STRIP = NO;
				GCC_C_LANGUAGE_STANDARD = gnu99;
				GCC_DYNAMIC_NO_PIC = NO;
				GCC_ENABLE_OBJC_EXCEPTIONS = YES;
				GCC_OPTIMIZATION_LEVEL = 0;
				GCC_PREPROCESSOR_DEFINITIONS = (
					"DEBUG=1",
					"$(inherited)",
				);
				GCC_SYMBOLS_PRIVATE_EXTERN = NO;
				GCC_WARN_64_TO_32_BIT_CONVERSION = YES;
				GCC_WARN_ABOUT_RETURN_TYPE = YES;
				GCC_WARN_UNINITIALIZED_AUTOS = YES;
				GCC_WARN_UNUSED_VARIABLE = YES;
				MACOSX_DEPLOYMENT_TARGET = 10.8;
				ONLY_ACTIVE_ARCH = YES;
				SDKROOT = macosx;
			};
			name = Debug;
		};
		B0E115F9158F9DC800E63D79 /* Release */ = {
			isa = XCBuildConfiguration;
			buildSettings = {
				ALWAYS_SEARCH_USER_PATHS = NO;
				ARCHS = "$(ARCHS_STANDARD_64_BIT)";
				CLANG_CXX_LANGUAGE_STANDARD = "gnu++0x";
				CLANG_ENABLE_OBJC_ARC = YES;
				CLANG_WARN__DUPLICATE_METHOD_MATCH = YES;
				COMBINE_HIDPI_IMAGES = YES;
				COPY_PHASE_STRIP = YES;
				DEBUG_INFORMATION_FORMAT = "dwarf-with-dsym";
				GCC_C_LANGUAGE_STANDARD = gnu99;
				GCC_ENABLE_OBJC_EXCEPTIONS = YES;
				GCC_WARN_64_TO_32_BIT_CONVERSION = YES;
				GCC_WARN_ABOUT_RETURN_TYPE = YES;
				GCC_WARN_UNINITIALIZED_AUTOS = YES;
				GCC_WARN_UNUSED_VARIABLE = YES;
				MACOSX_DEPLOYMENT_TARGET = 10.8;
				SDKROOT = macosx;
			};
			name = Release;
		};
		B0E115FB158F9DC800E63D79 /* Debug */ = {
			isa = XCBuildConfiguration;
			buildSettings = {
				GCC_PRECOMPILE_PREFIX_HEADER = YES;
				GCC_PREFIX_HEADER = "DungeonCrawler/DungeonCrawler-Prefix.pch";
				INFOPLIST_FILE = "DungeonCrawler/DungeonCrawler-Info.plist";
				PRODUCT_NAME = "$(TARGET_NAME)";
				WRAPPER_EXTENSION = app;
			};
			name = Debug;
		};
		B0E115FC158F9DC800E63D79 /* Release */ = {
			isa = XCBuildConfiguration;
			buildSettings = {
				GCC_PRECOMPILE_PREFIX_HEADER = YES;
				GCC_PREFIX_HEADER = "DungeonCrawler/DungeonCrawler-Prefix.pch";
				INFOPLIST_FILE = "DungeonCrawler/DungeonCrawler-Info.plist";
				PRODUCT_NAME = "$(TARGET_NAME)";
				WRAPPER_EXTENSION = app;
			};
			name = Release;
		};
/* End XCBuildConfiguration section */

/* Begin XCConfigurationList section */
		B0E115D6158F9DC700E63D79 /* Build configuration list for PBXProject "DungeonCrawler" */ = {
			isa = XCConfigurationList;
			buildConfigurations = (
				B0E115F8158F9DC800E63D79 /* Debug */,
				B0E115F9158F9DC800E63D79 /* Release */,
			);
			defaultConfigurationIsVisible = 0;
			defaultConfigurationName = Release;
		};
		B0E115FA158F9DC800E63D79 /* Build configuration list for PBXNativeTarget "DungeonCrawler" */ = {
			isa = XCConfigurationList;
			buildConfigurations = (
				B0E115FB158F9DC800E63D79 /* Debug */,
				B0E115FC158F9DC800E63D79 /* Release */,
			);
			defaultConfigurationIsVisible = 0;
		};
/* End XCConfigurationList section */
	};
	rootObject = B0E115D3158F9DC700E63D79 /* Project object */;
}
